
Microsoft Visual Studio Solution File, Format Version 12.00
# Visual Studio Version 17
VisualStudioVersion = 17.3.32811.315
MinimumVisualStudioVersion = 10.0.40219.1
Project("{FAE04EC0-301F-11D3-BF4B-00C04F79EFBC}") = "lista4PR-2", "lista4PR-2\lista4PR-2.csproj", "{11968C74-CD28-48CE-B400-0E8BCD3C1747}"
EndProject
Global
	GlobalSection(SolutionConfigurationPlatforms) = preSolution
		Debug|Any CPU = Debug|Any CPU
		Release|Any CPU = Release|Any CPU
	EndGlobalSection
	GlobalSection(ProjectConfigurationPlatforms) = postSolution
		{11968C74-CD28-48CE-B400-0E8BCD3C1747}.Debug|Any CPU.ActiveCfg = Debug|Any CPU
		{11968C74-CD28-48CE-B400-0E8BCD3C1747}.Debug|Any CPU.Build.0 = Debug|Any CPU
		{11968C74-CD28-48CE-B400-0E8BCD3C1747}.Release|Any CPU.ActiveCfg = Release|Any CPU
		{11968C74-CD28-48CE-B400-0E8BCD3C1747}.Release|Any CPU.Build.0 = Release|Any CPU
	EndGlobalSection
	GlobalSection(SolutionProperties) = preSolution
		HideSolutionNode = FALSE
	EndGlobalSection
	GlobalSection(ExtensibilityGlobals) = postSolution
		SolutionGuid = {0CAD8410-ECF3-44E6-BE36-F181DDDC9A1F}
	EndGlobalSection
EndGlobal
